
Microsoft Visual Studio Solution File, Format Version 12.00
# Visual Studio Version 17
VisualStudioVersion = 17.14.36811.4
MinimumVisualStudioVersion = 10.0.40219.1
Project("{FAE04EC0-301F-11D3-BF4B-00C04F79EFBC}") = "Yukle.Api", "Yukle.Api.csproj", "{3212CBA8-7431-F2C6-0188-0672D02E29BA}"
EndProject
Project("{FAE04EC0-301F-11D3-BF4B-00C04F79EFBC}") = "Yukle.Tests", "..\Yukle.Tests\Yukle.Tests.csproj", "{21F187E8-4F9A-42BA-9262-FEACF727C12A}"
EndProject
Global
	GlobalSection(SolutionConfigurationPlatforms) = preSolution
		Debug|Any CPU = Debug|Any CPU
		Debug|x64 = Debug|x64
		Debug|x86 = Debug|x86
		Release|Any CPU = Release|Any CPU
		Release|x64 = Release|x64
		Release|x86 = Release|x86
	EndGlobalSection
	GlobalSection(ProjectConfigurationPlatforms) = postSolution
		{3212CBA8-7431-F2C6-0188-0672D02E29BA}.Debug|Any CPU.ActiveCfg = Debug|Any CPU
		{3212CBA8-7431-F2C6-0188-0672D02E29BA}.Debug|Any CPU.Build.0 = Debug|Any CPU
		{3212CBA8-7431-F2C6-0188-0672D02E29BA}.Debug|x64.ActiveCfg = Debug|Any CPU
		{3212CBA8-7431-F2C6-0188-0672D02E29BA}.Debug|x64.Build.0 = Debug|Any CPU
		{3212CBA8-7431-F2C6-0188-0672D02E29BA}.Debug|x86.ActiveCfg = Debug|Any CPU
		{3212CBA8-7431-F2C6-0188-0672D02E29BA}.Debug|x86.Build.0 = Debug|Any CPU
		{3212CBA8-7431-F2C6-0188-0672D02E29BA}.Release|Any CPU.ActiveCfg = Release|Any CPU
		{3212CBA8-7431-F2C6-0188-0672D02E29BA}.Release|Any CPU.Build.0 = Release|Any CPU
		{3212CBA8-7431-F2C6-0188-0672D02E29BA}.Release|x64.ActiveCfg = Release|Any CPU
		{3212CBA8-7431-F2C6-0188-0672D02E29BA}.Release|x64.Build.0 = Release|Any CPU
		{3212CBA8-7431-F2C6-0188-0672D02E29BA}.Release|x86.ActiveCfg = Release|Any CPU
		{3212CBA8-7431-F2C6-0188-0672D02E29BA}.Release|x86.Build.0 = Release|Any CPU
		{21F187E8-4F9A-42BA-9262-FEACF727C12A}.Debug|Any CPU.ActiveCfg = Debug|Any CPU
		{21F187E8-4F9A-42BA-9262-FEACF727C12A}.Debug|Any CPU.Build.0 = Debug|Any CPU
		{21F187E8-4F9A-42BA-9262-FEACF727C12A}.Debug|x64.ActiveCfg = Debug|Any CPU
		{21F187E8-4F9A-42BA-9262-FEACF727C12A}.Debug|x64.Build.0 = Debug|Any CPU
		{21F187E8-4F9A-42BA-9262-FEACF727C12A}.Debug|x86.ActiveCfg = Debug|Any CPU
		{21F187E8-4F9A-42BA-9262-FEACF727C12A}.Debug|x86.Build.0 = Debug|Any CPU
		{21F187E8-4F9A-42BA-9262-FEACF727C12A}.Release|Any CPU.ActiveCfg = Release|Any CPU
		{21F187E8-4F9A-42BA-9262-FEACF727C12A}.Release|Any CPU.Build.0 = Release|Any CPU
		{21F187E8-4F9A-42BA-9262-FEACF727C12A}.Release|x64.ActiveCfg = Release|Any CPU
		{21F187E8-4F9A-42BA-9262-FEACF727C12A}.Release|x64.Build.0 = Release|Any CPU
		{21F187E8-4F9A-42BA-9262-FEACF727C12A}.Release|x86.ActiveCfg = Release|Any CPU
		{21F187E8-4F9A-42BA-9262-FEACF727C12A}.Release|x86.Build.0 = Release|Any CPU
	EndGlobalSection
	GlobalSection(SolutionProperties) = preSolution
		HideSolutionNode = FALSE
	EndGlobalSection
	GlobalSection(ExtensibilityGlobals) = postSolution
		SolutionGuid = {6882989D-892D-4088-AE8B-6242C5AEBAAC}
	EndGlobalSection
EndGlobal
